
Microsoft Visual Studio Solution File, Format Version 12.00
# Visual Studio Version 16
VisualStudioVersion = 16.0.29613.14
MinimumVisualStudioVersion = 10.0.40219.1
Project("{FAE04EC0-301F-11D3-BF4B-00C04F79EFBC}") = "DemoMVC", "DemoMVC\DemoMVC.csproj", "{0DF0F4D1-597A-4574-A64A-AF4F589C419E}"
EndProject
Project("{FAE04EC0-301F-11D3-BF4B-00C04F79EFBC}") = "DemoRestfullApi", "DemoRestfullApi\DemoRestfullApi.csproj", "{D22EDDDF-DE01-4603-A84F-46C07F960AE7}"
EndProject
Project("{FAE04EC0-301F-11D3-BF4B-00C04F79EFBC}") = "DemoCommonLib", "DemoCommonLib\DemoCommonLib.csproj", "{04153D5E-FA5B-4BC0-A8DF-00BCAC06B556}"
EndProject
Project("{FAE04EC0-301F-11D3-BF4B-00C04F79EFBC}") = "DemoDataLib", "DemoDataLib\DemoDataLib.csproj", "{085A123B-8F6F-41E6-8E80-C437C0126CBA}"
EndProject
Project("{FAE04EC0-301F-11D3-BF4B-00C04F79EFBC}") = "DemoXUnitTest", "DemoXUnitTest\DemoXUnitTest.csproj", "{360DBE23-05E4-4800-9A3C-5FB2CCE174E7}"
EndProject
Global
	GlobalSection(SolutionConfigurationPlatforms) = preSolution
		Debug|Any CPU = Debug|Any CPU
		Release|Any CPU = Release|Any CPU
	EndGlobalSection
	GlobalSection(ProjectConfigurationPlatforms) = postSolution
		{0DF0F4D1-597A-4574-A64A-AF4F589C419E}.Debug|Any CPU.ActiveCfg = Debug|Any CPU
		{0DF0F4D1-597A-4574-A64A-AF4F589C419E}.Debug|Any CPU.Build.0 = Debug|Any CPU
		{0DF0F4D1-597A-4574-A64A-AF4F589C419E}.Release|Any CPU.ActiveCfg = Release|Any CPU
		{0DF0F4D1-597A-4574-A64A-AF4F589C419E}.Release|Any CPU.Build.0 = Release|Any CPU
		{D22EDDDF-DE01-4603-A84F-46C07F960AE7}.Debug|Any CPU.ActiveCfg = Debug|Any CPU
		{D22EDDDF-DE01-4603-A84F-46C07F960AE7}.Debug|Any CPU.Build.0 = Debug|Any CPU
		{D22EDDDF-DE01-4603-A84F-46C07F960AE7}.Release|Any CPU.ActiveCfg = Release|Any CPU
		{D22EDDDF-DE01-4603-A84F-46C07F960AE7}.Release|Any CPU.Build.0 = Release|Any CPU
		{04153D5E-FA5B-4BC0-A8DF-00BCAC06B556}.Debug|Any CPU.ActiveCfg = Debug|Any CPU
		{04153D5E-FA5B-4BC0-A8DF-00BCAC06B556}.Debug|Any CPU.Build.0 = Debug|Any CPU
		{04153D5E-FA5B-4BC0-A8DF-00BCAC06B556}.Release|Any CPU.ActiveCfg = Release|Any CPU
		{04153D5E-FA5B-4BC0-A8DF-00BCAC06B556}.Release|Any CPU.Build.0 = Release|Any CPU
		{085A123B-8F6F-41E6-8E80-C437C0126CBA}.Debug|Any CPU.ActiveCfg = Debug|Any CPU
		{085A123B-8F6F-41E6-8E80-C437C0126CBA}.Debug|Any CPU.Build.0 = Debug|Any CPU
		{085A123B-8F6F-41E6-8E80-C437C0126CBA}.Release|Any CPU.ActiveCfg = Release|Any CPU
		{085A123B-8F6F-41E6-8E80-C437C0126CBA}.Release|Any CPU.Build.0 = Release|Any CPU
		{360DBE23-05E4-4800-9A3C-5FB2CCE174E7}.Debug|Any CPU.ActiveCfg = Debug|Any CPU
		{360DBE23-05E4-4800-9A3C-5FB2CCE174E7}.Debug|Any CPU.Build.0 = Debug|Any CPU
		{360DBE23-05E4-4800-9A3C-5FB2CCE174E7}.Release|Any CPU.ActiveCfg = Release|Any CPU
		{360DBE23-05E4-4800-9A3C-5FB2CCE174E7}.Release|Any CPU.Build.0 = Release|Any CPU
	EndGlobalSection
	GlobalSection(SolutionProperties) = preSolution
		HideSolutionNode = FALSE
	EndGlobalSection
	GlobalSection(ExtensibilityGlobals) = postSolution
		SolutionGuid = {0051EF1D-164C-4129-ABC8-82C061352E65}
	EndGlobalSection
EndGlobal
